
Microsoft Visual Studio Solution File, Format Version 12.00
# Visual Studio Version 17
VisualStudioVersion = 17.0.31903.59
MinimumVisualStudioVersion = 10.0.40219.1
Project("{9A19103F-16F7-4668-BE54-9A1E7A4F7556}") = "Santander.CodingTest.WebApi", "Santander.CodingTest.WebApi\Santander.CodingTest.WebApi.csproj", "{6C32DE68-C654-42FD-BD25-626FF22FF8D4}"
EndProject
Project("{9A19103F-16F7-4668-BE54-9A1E7A4F7556}") = "Santander.CodingTest.Application", "Santander.CodingTest.Application\Santander.CodingTest.Application.csproj", "{E6410D2E-8CD9-49E4-B89C-13457F2AA376}"
EndProject
Project("{9A19103F-16F7-4668-BE54-9A1E7A4F7556}") = "Santander.CodingTest.Domain", "Santander.CodingTest.Domain\Santander.CodingTest.Domain.csproj", "{7905BAB4-0F6B-4BE3-B83B-BCCADC683C0F}"
EndProject
Project("{FAE04EC0-301F-11D3-BF4B-00C04F79EFBC}") = "Santander.CodingTest.DataProvider.Model", "Santander.CodingTest.DataProvider.Model\Santander.CodingTest.DataProvider.Model.csproj", "{8A16FDE7-81A5-4CAC-95B6-49DBE26E4A87}"
EndProject
Global
	GlobalSection(SolutionConfigurationPlatforms) = preSolution
		Debug|Any CPU = Debug|Any CPU
		Release|Any CPU = Release|Any CPU
	EndGlobalSection
	GlobalSection(ProjectConfigurationPlatforms) = postSolution
		{6C32DE68-C654-42FD-BD25-626FF22FF8D4}.Debug|Any CPU.ActiveCfg = Debug|Any CPU
		{6C32DE68-C654-42FD-BD25-626FF22FF8D4}.Debug|Any CPU.Build.0 = Debug|Any CPU
		{6C32DE68-C654-42FD-BD25-626FF22FF8D4}.Release|Any CPU.ActiveCfg = Release|Any CPU
		{6C32DE68-C654-42FD-BD25-626FF22FF8D4}.Release|Any CPU.Build.0 = Release|Any CPU
		{E6410D2E-8CD9-49E4-B89C-13457F2AA376}.Debug|Any CPU.ActiveCfg = Debug|Any CPU
		{E6410D2E-8CD9-49E4-B89C-13457F2AA376}.Debug|Any CPU.Build.0 = Debug|Any CPU
		{E6410D2E-8CD9-49E4-B89C-13457F2AA376}.Release|Any CPU.ActiveCfg = Release|Any CPU
		{E6410D2E-8CD9-49E4-B89C-13457F2AA376}.Release|Any CPU.Build.0 = Release|Any CPU
		{7905BAB4-0F6B-4BE3-B83B-BCCADC683C0F}.Debug|Any CPU.ActiveCfg = Debug|Any CPU
		{7905BAB4-0F6B-4BE3-B83B-BCCADC683C0F}.Debug|Any CPU.Build.0 = Debug|Any CPU
		{7905BAB4-0F6B-4BE3-B83B-BCCADC683C0F}.Release|Any CPU.ActiveCfg = Release|Any CPU
		{7905BAB4-0F6B-4BE3-B83B-BCCADC683C0F}.Release|Any CPU.Build.0 = Release|Any CPU
		{8A16FDE7-81A5-4CAC-95B6-49DBE26E4A87}.Debug|Any CPU.ActiveCfg = Debug|Any CPU
		{8A16FDE7-81A5-4CAC-95B6-49DBE26E4A87}.Debug|Any CPU.Build.0 = Debug|Any CPU
		{8A16FDE7-81A5-4CAC-95B6-49DBE26E4A87}.Release|Any CPU.ActiveCfg = Release|Any CPU
		{8A16FDE7-81A5-4CAC-95B6-49DBE26E4A87}.Release|Any CPU.Build.0 = Release|Any CPU
	EndGlobalSection
	GlobalSection(SolutionProperties) = preSolution
		HideSolutionNode = FALSE
	EndGlobalSection
	GlobalSection(ExtensibilityGlobals) = postSolution
		SolutionGuid = {503F4733-66B1-401C-830C-6EF981564008}
	EndGlobalSection
EndGlobal
